devDependencies:
  '@alloc/prettier-config': 1.0.0
  coffeescript: 2.5.1
  prettier: 2.2.1
  testpass: 0.9.11
  typescript: 4.2.3
lockfileVersion: 5.2
packages:
  /@alloc/log-format/1.0.0:
    dependencies:
      pretty-format: 26.6.2
    dev: true
    resolution:
      integrity: sha512-+MQRO70OaNiMRrSs+C4Eo3e/rpvXdrJ3Bu8Y5C9s9YPCAsTO5zQAH2EJXD2UtvsPlzDt1PO3xgrm/MIE7Irkmw==
  /@alloc/prettier-config/1.0.0:
    dev: true
    resolution:
      integrity: sha512-xm50V1qxSdTh1O1fKA+gqcU605YSnxfq6HwtYSFU3fRsKMFnUSuSOxqSAPI7y2sRxqPed2EIuGmNn107LVQM6g==
  /@cush/relative/0.0.1:
    dev: true
    resolution:
      integrity: sha512-Wm53WUnUy3CFveO5SecDyQZH4uuNG925DzyS0/tNyOE7T2a9liCU6vw+aIzCv7pyv6shkHZ0HGYxWicLi8dDow==
  /@jest/types/26.6.2:
    dependencies:
      '@types/istanbul-lib-coverage': 2.0.3
      '@types/istanbul-reports': 3.0.0
      '@types/node': 14.14.37
      '@types/yargs': 15.0.13
      chalk: 4.1.0
    dev: true
    engines:
      node: '>= 10.14.2'
    resolution:
      integrity: sha512-fC6QCp7Sc5sX6g8Tvbmj4XUTbyrik0akgRy03yjXbQaBWWNWGE7SGtJk98m0N8nzegD/7SggrUlivxo5ax4KWQ==
  /@types/istanbul-lib-coverage/2.0.3:
    dev: true
    resolution:
      integrity: sha512-sz7iLqvVUg1gIedBOvlkxPlc8/uVzyS5OwGz1cKjXzkl3FpL3al0crU8YGU1WoHkxn0Wxbw5tyi6hvzJKNzFsw==
  /@types/istanbul-lib-report/3.0.0:
    dependencies:
      '@types/istanbul-lib-coverage': 2.0.3
    dev: true
    resolution:
      integrity: sha512-plGgXAPfVKFoYfa9NpYDAkseG+g6Jr294RqeqcqDixSbU34MZVJRi/P+7Y8GDpzkEwLaGZZOpKIEmeVZNtKsrg==
  /@types/istanbul-reports/3.0.0:
    dependencies:
      '@types/istanbul-lib-report': 3.0.0
    dev: true
    resolution:
      integrity: sha512-nwKNbvnwJ2/mndE9ItP/zc2TCzw6uuodnF4EHYWD+gCQDVBuRQL5UzbZD0/ezy1iKsFU2ZQiDqg4M9dN4+wZgA==
  /@types/node/14.14.37:
    dev: true
    resolution:
      integrity: sha512-XYmBiy+ohOR4Lh5jE379fV2IU+6Jn4g5qASinhitfyO71b/sCo6MKsMLF5tc7Zf2CE8hViVQyYSobJNke8OvUw==
  /@types/yargs-parser/20.2.0:
    dev: true
    resolution:
      integrity: sha512-37RSHht+gzzgYeobbG+KWryeAW8J33Nhr69cjTqSYymXVZEN9NbRYWoYlRtDhHKPVT1FyNKwaTPC1NynKZpzRA==
  /@types/yargs/15.0.13:
    dependencies:
      '@types/yargs-parser': 20.2.0
    dev: true
    resolution:
      integrity: sha512-kQ5JNTrbDv3Rp5X2n/iUu37IJBDU2gsZ5R/g1/KHOOEc5IKfUFjXT6DENPGduh08I/pamwtEq4oul7gUqKTQDQ==
  /ansi-256-colors/1.1.0:
    dev: true
    engines:
      node: '>=0.10.0'
    resolution:
      integrity: sha1-kQ3lDvzHwJ49gvL4er1rcAwYgYo=
  /ansi-bold/0.1.1:
    dependencies:
      ansi-wrap: 0.1.0
    dev: true
    engines:
      node: '>=0.10.0'
    resolution:
      integrity: sha1-PmOVCvWswq4uZw5vZ96xFdGl9QU=
  /ansi-regex/5.0.0:
    dev: true
    engines:
      node: '>=8'
    resolution:
      integrity: sha512-bY6fj56OUQ0hU1KjFNDQuJFezqKdrAyFdIevADiqrWHwSlbmBNMHp5ak2f40Pm8JTFyM2mqxkG6ngkHO11f/lg==
  /ansi-styles/4.3.0:
    dependencies:
      color-convert: 2.0.1
    dev: true
    engines:
      node: '>=8'
    resolution:
      integrity: sha512-zbB9rCJAT1rbjiVDb2hqKFHNYLxgtk8NURxZ3IZwD3F6NtxbXZQCnnSi1Lkx+IDohdPlFp222wVALIheZJQSEg==
  /ansi-wrap/0.1.0:
    dev: true
    engines:
      node: '>=0.10.0'
    resolution:
      integrity: sha1-qCJQ3bABXponyoLoLqYDu/pF768=
  /bocks/0.0.1:
    dev: true
    resolution:
      integrity: sha512-P7qGFGtCaxVREQQlgJy9CllRW+p2lw5HrCuBDrEKL7BdfOMIVRF2vdsT70NaXry9zYFyKbDCcjaz6ewapktIwA==
  /buffer-from/1.1.1:
    dev: true
    resolution:
      integrity: sha512-MQcXEUbCKtEo7bhqEs6560Hyd4XaovZlO/k9V3hjVUF/zwW7KBVdSK4gIt/bzwS9MbR5qob+F5jusZsb0YQK2A==
  /chalk/4.1.0:
    dependencies:
      ansi-styles: 4.3.0
      supports-color: 7.2.0
    dev: true
    engines:
      node: '>=10'
    resolution:
      integrity: sha512-qwx12AxXe2Q5xQ43Ac//I6v5aXTipYrSESdOgzrN+9XjgEpyjpKuvSGaN4qE93f7TQTlerQQ8S+EQ0EyDoVL1A==
  /clean-stack/1.3.0:
    dev: true
    engines:
      node: '>=4'
    resolution:
      integrity: sha1-noIVAa6XmYbEax1m0tQy2y/UrjE=
  /coffeescript/2.5.1:
    dev: true
    engines:
      node: '>=6'
    hasBin: true
    resolution:
      integrity: sha512-J2jRPX0eeFh5VKyVnoLrfVFgLZtnnmp96WQSLAS8OrLm2wtQLcnikYKe1gViJKDH7vucjuhHvBKKBP3rKcD1tQ==
  /color-convert/2.0.1:
    dependencies:
      color-name: 1.1.4
    dev: true
    engines:
      node: '>=7.0.0'
    resolution:
      integrity: sha512-RRECPsj7iu/xb5oKYcsFHSppFNnsj/52OVTRKb4zP5onXwVF3zVmmToNcOfGC+CRDpfK/U584fMg38ZHCaElKQ==
  /color-name/1.1.4:
    dev: true
    resolution:
      integrity: sha512-dOy+3AuW3a2wNbZHIuMZpTcgjGuLU/uBL/ubcZF9OXbDo8ff4O8yVp5Bf0efS8uEoYo5q4Fx7dY9OgQGXgAsQA==
  /dequals/0.0.1:
    dev: true
    resolution:
      integrity: sha512-OTkWpUXwIcuCXK7Y2jErfj7iOMaAxItzt/JqketjyPbayFfdfTb/uc0aI6v7Ocl6gF02Mbh/fV3voWxeDY6Ksw==
  /glob-regex/0.2.2:
    dev: true
    resolution:
      integrity: sha512-3dzg5vt7G9beHqsqpJpMvdMZ+BRNPc9zC312pg3ew3PwtFq4jDeLu7QnJOCoQ3lbrkKAxpRkKDvSi1A9RxgzwA==
  /glob-regex/0.3.2:
    dev: true
    resolution:
      integrity: sha512-m5blUd3/OqDTWwzBBtWBPrGlAzatRywHameHeekAZyZrskYouOGdNB8T/q6JucucvJXtOuyHIn0/Yia7iDasDw==
  /has-flag/4.0.0:
    dev: true
    engines:
      node: '>=8'
    resolution:
      integrity: sha512-EykJT/Q1KjTWctppgIAgfSO0tKVuZUjhgMr17kqTumMl6Afv3EISleU7qZUzoXDFTAHTDC4NOoG/ZxU3EvlMPQ==
  /is-set/1.0.0:
    dev: true
    engines:
      node: '>=0.12.0'
    resolution:
      integrity: sha1-2l+T458IO7tO/S6/lSiu2HrnACg=
  /klona/2.0.4:
    dev: true
    engines:
      node: '>= 8'
    resolution:
      integrity: sha512-ZRbnvdg/NxqzC7L9Uyqzf4psi1OM4Cuc+sJAkQPjO6XkQIJTNbfK2Rsmbw8fx1p2mkZdp2FZYo2+LwXYY/uwIA==
  /prettier/2.2.1:
    dev: true
    engines:
      node: '>=10.13.0'
    hasBin: true
    resolution:
      integrity: sha512-PqyhM2yCjg/oKkFPtTGUojv7gnZAoG80ttl45O6x2Ug/rMJw4wcc9k6aaf2hibP7BGVCCM33gZoGjyvt9mm16Q==
  /pretty-format/26.6.2:
    dependencies:
      '@jest/types': 26.6.2
      ansi-regex: 5.0.0
      ansi-styles: 4.3.0
      react-is: 17.0.2
    dev: true
    engines:
      node: '>= 10'
    resolution:
      integrity: sha512-7AeGuCYNGmycyQbCqd/3PWH4eOoX/OiCa0uphp57NVTeAGdJGaAliecxwBDHYQCIvrW7aDBZCYeNTP/WX69mkg==
  /react-is/17.0.2:
    dev: true
    resolution:
      integrity: sha512-w2GsyukL62IJnlaff/nRegPQR94C/XXamvMWmSHRJ4y7Ts/4ocGRmTHvOs8PSE6pB3dWOrD/nueuU5sduBsQ4w==
  /recrawl/0.0.2:
    dependencies:
      '@cush/relative': 0.0.1
      glob-regex: 0.3.2
    dev: true
    resolution:
      integrity: sha512-pkBjvVtPjE1qKegDqsnqokU3a43dGaj021TW1EzRanTW+cZSWb5wmaCjoBNvZzALD6mr9EK/qlhNTsnHeFPsfw==
  /slurm/0.3.0:
    dependencies:
      huey: github.com/aleclarson/huey/b9806b6bfb38f5c0175d970d20881abe09978a42
    dev: true
    resolution:
      integrity: sha512-r4xmBj1LUNZjsRlArqMo5aUUW9MWH2FViZYgsvQ+VU7cHwXFodIRryC8djKz8O9HRn5yxR1KweB/C7TOCTbUqw==
  /source-map-support/0.5.19:
    dependencies:
      buffer-from: 1.1.1
      source-map: 0.6.1
    dev: true
    resolution:
      integrity: sha512-Wonm7zOCIJzBGQdB+thsPar0kYuCIzYvxZwlBa87yi/Mdjv7Tip2cyVbLj5o0cFPN4EVkuTwb3GDDyUx2DGnGw==
  /source-map/0.6.1:
    dev: true
    engines:
      node: '>=0.10.0'
    resolution:
      integrity: sha512-UjgapumWlbMhkBgzT7Ykc5YXUT46F0iKu8SGXq0bcwP5dz/h0Plj6enJqjz1Zbq2l5WaqYnrVbwWOWMyF3F47g==
  /supports-color/7.2.0:
    dependencies:
      has-flag: 4.0.0
    dev: true
    engines:
      node: '>=8'
    resolution:
      integrity: sha512-qpCAvRl9stuOHveKsn7HncJRvv501qIacKzQlO/+Lwxc9+0q2wLyv4Dfvt80/DPn2pqOBsJdDiogXGR9+OvwRw==
  /testpass/0.9.11:
    dependencies:
      '@alloc/log-format': 1.0.0
      ansi-bold: 0.1.1
      bocks: 0.0.1
      clean-stack: 1.3.0
      dequals: 0.0.1
      glob-regex: 0.2.2
      huey: github.com/aleclarson/huey/6b7342a0e91a2a21674899ad5ed8362ff5d8dc69
      is-set: 1.0.0
      klona: 2.0.4
      recrawl: 0.0.2
      slurm: 0.3.0
      source-map-support: 0.5.19
    dev: true
    hasBin: true
    resolution:
      integrity: sha512-3or93oqic0ANm4yBigk4BalUXxhIqsIbZpqtWJ1+ZbdQs5k1iCc2BxlCRffLFA67SX5q5GwMRQge5GRgSSZ8nA==
  /typescript/4.2.3:
    dev: true
    engines:
      node: '>=4.2.0'
    hasBin: true
    resolution:
      integrity: sha512-qOcYwxaByStAWrBf4x0fibwZvMRG+r4cQoTjbPtUlrWjBHbmCAww1i448U0GJ+3cNNEtebDteo/cHOR3xJ4wEw==
  github.com/aleclarson/huey/6b7342a0e91a2a21674899ad5ed8362ff5d8dc69:
    dependencies:
      ansi-256-colors: 1.1.0
    dev: true
    name: huey
    resolution:
      tarball: https://codeload.github.com/aleclarson/huey/tar.gz/6b7342a0e91a2a21674899ad5ed8362ff5d8dc69
    version: 1.1.1
  github.com/aleclarson/huey/b9806b6bfb38f5c0175d970d20881abe09978a42:
    dependencies:
      ansi-256-colors: 1.1.0
    dev: true
    name: huey
    resolution:
      tarball: https://codeload.github.com/aleclarson/huey/tar.gz/b9806b6bfb38f5c0175d970d20881abe09978a42
    version: 0.1.0
specifiers:
  '@alloc/prettier-config': ^1.0.0
  coffeescript: ^2.5.1
  prettier: ^2.2.1
  testpass: ^0.9.3
  typescript: ^4.2.3
